
Microsoft Visual Studio Solution File, Format Version 12.00
# Visual Studio 14
VisualStudioVersion = 14.0.25420.1
MinimumVisualStudioVersion = 10.0.40219.1
Project("{FAE04EC0-301F-11D3-BF4B-00C04F79EFBC}") = "CurrencyLayerNET", "CurrencyLayerSDK\CurrencyLayerNET.csproj", "{1FF57F5E-F4E4-4B8C-8FF2-DB5A826F4DE9}"
EndProject
Project("{FAE04EC0-301F-11D3-BF4B-00C04F79EFBC}") = "CurrencyLayerNET.Tests", "CurrencyLayerSDK.Tests\CurrencyLayerNET.Tests.csproj", "{45987EB7-B921-4DA9-A6D9-A394FAE89F65}"
EndProject
Global
	GlobalSection(SolutionConfigurationPlatforms) = preSolution
		Debug|Any CPU = Debug|Any CPU
		Release|Any CPU = Release|Any CPU
	EndGlobalSection
	GlobalSection(ProjectConfigurationPlatforms) = postSolution
		{1FF57F5E-F4E4-4B8C-8FF2-DB5A826F4DE9}.Debug|Any CPU.ActiveCfg = Debug|Any CPU
		{1FF57F5E-F4E4-4B8C-8FF2-DB5A826F4DE9}.Debug|Any CPU.Build.0 = Debug|Any CPU
		{1FF57F5E-F4E4-4B8C-8FF2-DB5A826F4DE9}.Release|Any CPU.ActiveCfg = Release|Any CPU
		{1FF57F5E-F4E4-4B8C-8FF2-DB5A826F4DE9}.Release|Any CPU.Build.0 = Release|Any CPU
		{45987EB7-B921-4DA9-A6D9-A394FAE89F65}.Debug|Any CPU.ActiveCfg = Debug|Any CPU
		{45987EB7-B921-4DA9-A6D9-A394FAE89F65}.Debug|Any CPU.Build.0 = Debug|Any CPU
		{45987EB7-B921-4DA9-A6D9-A394FAE89F65}.Release|Any CPU.ActiveCfg = Release|Any CPU
		{45987EB7-B921-4DA9-A6D9-A394FAE89F65}.Release|Any CPU.Build.0 = Release|Any CPU
	EndGlobalSection
	GlobalSection(SolutionProperties) = preSolution
		HideSolutionNode = FALSE
	EndGlobalSection
EndGlobal
